
Microsoft Visual Studio Solution File, Format Version 12.00
# Visual Studio Version 16
VisualStudioVersion = 16.0.31911.196
MinimumVisualStudioVersion = 10.0.40219.1
Project("{FAE04EC0-301F-11D3-BF4B-00C04F79EFBC}") = "Mishanya", "Mishanya\Mishanya.csproj", "{BCCF1415-6F4F-49BA-B238-4C6B306D940A}"
EndProject
Global
	GlobalSection(SolutionConfigurationPlatforms) = preSolution
		Debug|Any CPU = Debug|Any CPU
		Release|Any CPU = Release|Any CPU
	EndGlobalSection
	GlobalSection(ProjectConfigurationPlatforms) = postSolution
		{BCCF1415-6F4F-49BA-B238-4C6B306D940A}.Debug|Any CPU.ActiveCfg = Debug|Any CPU
		{BCCF1415-6F4F-49BA-B238-4C6B306D940A}.Debug|Any CPU.Build.0 = Debug|Any CPU
		{BCCF1415-6F4F-49BA-B238-4C6B306D940A}.Release|Any CPU.ActiveCfg = Release|Any CPU
		{BCCF1415-6F4F-49BA-B238-4C6B306D940A}.Release|Any CPU.Build.0 = Release|Any CPU
	EndGlobalSection
	GlobalSection(SolutionProperties) = preSolution
		HideSolutionNode = FALSE
	EndGlobalSection
	GlobalSection(ExtensibilityGlobals) = postSolution
		SolutionGuid = {805BACE7-66E3-4A3F-A3AB-6A9D5C7447A9}
	EndGlobalSection
EndGlobal
